
Microsoft Visual Studio Solution File, Format Version 12.00
# Visual Studio Version 17
VisualStudioVersion = 17.4.33403.182
MinimumVisualStudioVersion = 10.0.40219.1
Project("{FAE04EC0-301F-11D3-BF4B-00C04F79EFBC}") = "DatingApp.API", "DatingApp.API\DatingApp.API.csproj", "{56379011-02B8-4B4A-89F4-5803B119E476}"
EndProject
Global
	GlobalSection(SolutionConfigurationPlatforms) = preSolution
		Debug|Any CPU = Debug|Any CPU
		Release|Any CPU = Release|Any CPU
	EndGlobalSection
	GlobalSection(ProjectConfigurationPlatforms) = postSolution
		{56379011-02B8-4B4A-89F4-5803B119E476}.Debug|Any CPU.ActiveCfg = Debug|Any CPU
		{56379011-02B8-4B4A-89F4-5803B119E476}.Debug|Any CPU.Build.0 = Debug|Any CPU
		{56379011-02B8-4B4A-89F4-5803B119E476}.Release|Any CPU.ActiveCfg = Release|Any CPU
		{56379011-02B8-4B4A-89F4-5803B119E476}.Release|Any CPU.Build.0 = Release|Any CPU
	EndGlobalSection
	GlobalSection(SolutionProperties) = preSolution
		HideSolutionNode = FALSE
	EndGlobalSection
	GlobalSection(ExtensibilityGlobals) = postSolution
		SolutionGuid = {7EF81602-5F77-424C-AF47-97DF0E90AF36}
	EndGlobalSection
EndGlobal
